
Microsoft Visual Studio Solution File, Format Version 12.00
# Visual Studio 15
VisualStudioVersion = 15.0.28307.852
MinimumVisualStudioVersion = 10.0.40219.1
Project("{FAE04EC0-301F-11D3-BF4B-00C04F79EFBC}") = "AppBarbearia.Android", "AppBarbearia\AppBarbearia.Android\AppBarbearia.Android.csproj", "{6F307603-3199-431D-A78F-4D29E4C22C62}"
EndProject
Project("{FAE04EC0-301F-11D3-BF4B-00C04F79EFBC}") = "AppBarbearia.iOS", "AppBarbearia\AppBarbearia.iOS\AppBarbearia.iOS.csproj", "{F23CCB2C-CB2D-4DF1-8949-4A7073F648CB}"
EndProject
Project("{FAE04EC0-301F-11D3-BF4B-00C04F79EFBC}") = "AppBarbearia.UWP", "AppBarbearia\AppBarbearia.UWP\AppBarbearia.UWP.csproj", "{11D5AB3C-733D-4E49-9AC1-7E2BEB123A49}"
EndProject
Project("{FAE04EC0-301F-11D3-BF4B-00C04F79EFBC}") = "AppBarbearia", "AppBarbearia\AppBarbearia\AppBarbearia.csproj", "{1AACC42B-C84A-459F-A34A-28A32F82DCB3}"
EndProject
Global
	GlobalSection(SolutionConfigurationPlatforms) = preSolution
		Ad-Hoc|Any CPU = Ad-Hoc|Any CPU
		Ad-Hoc|ARM = Ad-Hoc|ARM
		Ad-Hoc|iPhone = Ad-Hoc|iPhone
		Ad-Hoc|iPhoneSimulator = Ad-Hoc|iPhoneSimulator
		Ad-Hoc|x64 = Ad-Hoc|x64
		Ad-Hoc|x86 = Ad-Hoc|x86
		AppStore|Any CPU = AppStore|Any CPU
		AppStore|ARM = AppStore|ARM
		AppStore|iPhone = AppStore|iPhone
		AppStore|iPhoneSimulator = AppStore|iPhoneSimulator
		AppStore|x64 = AppStore|x64
		AppStore|x86 = AppStore|x86
		Debug|Any CPU = Debug|Any CPU
		Debug|ARM = Debug|ARM
		Debug|iPhone = Debug|iPhone
		Debug|iPhoneSimulator = Debug|iPhoneSimulator
		Debug|x64 = Debug|x64
		Debug|x86 = Debug|x86
		Release|Any CPU = Release|Any CPU
		Release|ARM = Release|ARM
		Release|iPhone = Release|iPhone
		Release|iPhoneSimulator = Release|iPhoneSimulator
		Release|x64 = Release|x64
		Release|x86 = Release|x86
	EndGlobalSection
	GlobalSection(ProjectConfigurationPlatforms) = postSolution
		{6F307603-3199-431D-A78F-4D29E4C22C62}.Ad-Hoc|Any CPU.ActiveCfg = Release|Any CPU
		{6F307603-3199-431D-A78F-4D29E4C22C62}.Ad-Hoc|Any CPU.Build.0 = Release|Any CPU
		{6F307603-3199-431D-A78F-4D29E4C22C62}.Ad-Hoc|Any CPU.Deploy.0 = Release|Any CPU
		{6F307603-3199-431D-A78F-4D29E4C22C62}.Ad-Hoc|ARM.ActiveCfg = Release|Any CPU
		{6F307603-3199-431D-A78F-4D29E4C22C62}.Ad-Hoc|ARM.Build.0 = Release|Any CPU
		{6F307603-3199-431D-A78F-4D29E4C22C62}.Ad-Hoc|ARM.Deploy.0 = Release|Any CPU
		{6F307603-3199-431D-A78F-4D29E4C22C62}.Ad-Hoc|iPhone.ActiveCfg = Release|Any CPU
		{6F307603-3199-431D-A78F-4D29E4C22C62}.Ad-Hoc|iPhone.Build.0 = Release|Any CPU
		{6F307603-3199-431D-A78F-4D29E4C22C62}.Ad-Hoc|iPhone.Deploy.0 = Release|Any CPU
		{6F307603-3199-431D-A78F-4D29E4C22C62}.Ad-Hoc|iPhoneSimulator.ActiveCfg = Release|Any CPU
		{6F307603-3199-431D-A78F-4D29E4C22C62}.Ad-Hoc|iPhoneSimulator.Build.0 = Release|Any CPU
		{6F307603-3199-431D-A78F-4D29E4C22C62}.Ad-Hoc|iPhoneSimulator.Deploy.0 = Release|Any CPU
		{6F307603-3199-431D-A78F-4D29E4C22C62}.Ad-Hoc|x64.ActiveCfg = Release|Any CPU
		{6F307603-3199-431D-A78F-4D29E4C22C62}.Ad-Hoc|x64.Build.0 = Release|Any CPU
		{6F307603-3199-431D-A78F-4D29E4C22C62}.Ad-Hoc|x64.Deploy.0 = Release|Any CPU
		{6F307603-3199-431D-A78F-4D29E4C22C62}.Ad-Hoc|x86.ActiveCfg = Release|Any CPU
		{6F307603-3199-431D-A78F-4D29E4C22C62}.Ad-Hoc|x86.Build.0 = Release|Any CPU
		{6F307603-3199-431D-A78F-4D29E4C22C62}.Ad-Hoc|x86.Deploy.0 = Release|Any CPU
		{6F307603-3199-431D-A78F-4D29E4C22C62}.AppStore|Any CPU.ActiveCfg = Release|Any CPU
		{6F307603-3199-431D-A78F-4D29E4C22C62}.AppStore|Any CPU.Build.0 = Release|Any CPU
		{6F307603-3199-431D-A78F-4D29E4C22C62}.AppStore|Any CPU.Deploy.0 = Release|Any CPU
		{6F307603-3199-431D-A78F-4D29E4C22C62}.AppStore|ARM.ActiveCfg = Release|Any CPU
		{6F307603-3199-431D-A78F-4D29E4C22C62}.AppStore|ARM.Build.0 = Release|Any CPU
		{6F307603-3199-431D-A78F-4D29E4C22C62}.AppStore|ARM.Deploy.0 = Release|Any CPU
		{6F307603-3199-431D-A78F-4D29E4C22C62}.AppStore|iPhone.ActiveCfg = Release|Any CPU
		{6F307603-3199-431D-A78F-4D29E4C22C62}.AppStore|iPhone.Build.0 = Release|Any CPU
		{6F307603-3199-431D-A78F-4D29E4C22C62}.AppStore|iPhone.Deploy.0 = Release|Any CPU
		{6F307603-3199-431D-A78F-4D29E4C22C62}.AppStore|iPhoneSimulator.ActiveCfg = Release|Any CPU
		{6F307603-3199-431D-A78F-4D29E4C22C62}.AppStore|iPhoneSimulator.Build.0 = Release|Any CPU
		{6F307603-3199-431D-A78F-4D29E4C22C62}.AppStore|iPhoneSimulator.Deploy.0 = Release|Any CPU
		{6F307603-3199-431D-A78F-4D29E4C22C62}.AppStore|x64.ActiveCfg = Release|Any CPU
		{6F307603-3199-431D-A78F-4D29E4C22C62}.AppStore|x64.Build.0 = Release|Any CPU
		{6F307603-3199-431D-A78F-4D29E4C22C62}.AppStore|x64.Deploy.0 = Release|Any CPU
		{6F307603-3199-431D-A78F-4D29E4C22C62}.AppStore|x86.ActiveCfg = Release|Any CPU
		{6F307603-3199-431D-A78F-4D29E4C22C62}.AppStore|x86.Build.0 = Release|Any CPU
		{6F307603-3199-431D-A78F-4D29E4C22C62}.AppStore|x86.Deploy.0 = Release|Any CPU
		{6F307603-3199-431D-A78F-4D29E4C22C62}.Debug|Any CPU.ActiveCfg = Debug|Any CPU
		{6F307603-3199-431D-A78F-4D29E4C22C62}.Debug|Any CPU.Build.0 = Debug|Any CPU
		{6F307603-3199-431D-A78F-4D29E4C22C62}.Debug|Any CPU.Deploy.0 = Debug|Any CPU
		{6F307603-3199-431D-A78F-4D29E4C22C62}.Debug|ARM.ActiveCfg = Debug|Any CPU
		{6F307603-3199-431D-A78F-4D29E4C22C62}.Debug|ARM.Build.0 = Debug|Any CPU
		{6F307603-3199-431D-A78F-4D29E4C22C62}.Debug|ARM.Deploy.0 = Debug|Any CPU
		{6F307603-3199-431D-A78F-4D29E4C22C62}.Debug|iPhone.ActiveCfg = Debug|Any CPU
		{6F307603-3199-431D-A78F-4D29E4C22C62}.Debug|iPhone.Build.0 = Debug|Any CPU
		{6F307603-3199-431D-A78F-4D29E4C22C62}.Debug|iPhone.Deploy.0 = Debug|Any CPU
		{6F307603-3199-431D-A78F-4D29E4C22C62}.Debug|iPhoneSimulator.ActiveCfg = Debug|Any CPU
		{6F307603-3199-431D-A78F-4D29E4C22C62}.Debug|iPhoneSimulator.Build.0 = Debug|Any CPU
		{6F307603-3199-431D-A78F-4D29E4C22C62}.Debug|iPhoneSimulator.Deploy.0 = Debug|Any CPU
		{6F307603-3199-431D-A78F-4D29E4C22C62}.Debug|x64.ActiveCfg = Debug|Any CPU
		{6F307603-3199-431D-A78F-4D29E4C22C62}.Debug|x64.Build.0 = Debug|Any CPU
		{6F307603-3199-431D-A78F-4D29E4C22C62}.Debug|x64.Deploy.0 = Debug|Any CPU
		{6F307603-3199-431D-A78F-4D29E4C22C62}.Debug|x86.ActiveCfg = Debug|Any CPU
		{6F307603-3199-431D-A78F-4D29E4C22C62}.Debug|x86.Build.0 = Debug|Any CPU
		{6F307603-3199-431D-A78F-4D29E4C22C62}.Debug|x86.Deploy.0 = Debug|Any CPU
		{6F307603-3199-431D-A78F-4D29E4C22C62}.Release|Any CPU.ActiveCfg = Release|Any CPU
		{6F307603-3199-431D-A78F-4D29E4C22C62}.Release|Any CPU.Build.0 = Release|Any CPU
		{6F307603-3199-431D-A78F-4D29E4C22C62}.Release|Any CPU.Deploy.0 = Release|Any CPU
		{6F307603-3199-431D-A78F-4D29E4C22C62}.Release|ARM.ActiveCfg = Release|Any CPU
		{6F307603-3199-431D-A78F-4D29E4C22C62}.Release|ARM.Build.0 = Release|Any CPU
		{6F307603-3199-431D-A78F-4D29E4C22C62}.Release|ARM.Deploy.0 = Release|Any CPU
		{6F307603-3199-431D-A78F-4D29E4C22C62}.Release|iPhone.ActiveCfg = Release|Any CPU
		{6F307603-3199-431D-A78F-4D29E4C22C62}.Release|iPhone.Build.0 = Release|Any CPU
		{6F307603-3199-431D-A78F-4D29E4C22C62}.Release|iPhone.Deploy.0 = Release|Any CPU
		{6F307603-3199-431D-A78F-4D29E4C22C62}.Release|iPhoneSimulator.ActiveCfg = Release|Any CPU
		{6F307603-3199-431D-A78F-4D29E4C22C62}.Release|iPhoneSimulator.Build.0 = Release|Any CPU
		{6F307603-3199-431D-A78F-4D29E4C22C62}.Release|iPhoneSimulator.Deploy.0 = Release|Any CPU
		{6F307603-3199-431D-A78F-4D29E4C22C62}.Release|x64.ActiveCfg = Release|Any CPU
		{6F307603-3199-431D-A78F-4D29E4C22C62}.Release|x64.Build.0 = Release|Any CPU
		{6F307603-3199-431D-A78F-4D29E4C22C62}.Release|x64.Deploy.0 = Release|Any CPU
		{6F307603-3199-431D-A78F-4D29E4C22C62}.Release|x86.ActiveCfg = Release|Any CPU
		{6F307603-3199-431D-A78F-4D29E4C22C62}.Release|x86.Build.0 = Release|Any CPU
		{6F307603-3199-431D-A78F-4D29E4C22C62}.Release|x86.Deploy.0 = Release|Any CPU
		{F23CCB2C-CB2D-4DF1-8949-4A7073F648CB}.Ad-Hoc|Any CPU.ActiveCfg = Ad-Hoc|iPhone
		{F23CCB2C-CB2D-4DF1-8949-4A7073F648CB}.Ad-Hoc|Any CPU.Build.0 = Ad-Hoc|iPhone
		{F23CCB2C-CB2D-4DF1-8949-4A7073F648CB}.Ad-Hoc|Any CPU.Deploy.0 = Ad-Hoc|iPhone
		{F23CCB2C-CB2D-4DF1-8949-4A7073F648CB}.Ad-Hoc|ARM.ActiveCfg = Ad-Hoc|iPhone
		{F23CCB2C-CB2D-4DF1-8949-4A7073F648CB}.Ad-Hoc|ARM.Build.0 = Ad-Hoc|iPhone
		{F23CCB2C-CB2D-4DF1-8949-4A7073F648CB}.Ad-Hoc|ARM.Deploy.0 = Ad-Hoc|iPhone
		{F23CCB2C-CB2D-4DF1-8949-4A7073F648CB}.Ad-Hoc|iPhone.ActiveCfg = Ad-Hoc|iPhone
		{F23CCB2C-CB2D-4DF1-8949-4A7073F648CB}.Ad-Hoc|iPhone.Build.0 = Ad-Hoc|iPhone
		{F23CCB2C-CB2D-4DF1-8949-4A7073F648CB}.Ad-Hoc|iPhone.Deploy.0 = Ad-Hoc|iPhone
		{F23CCB2C-CB2D-4DF1-8949-4A7073F648CB}.Ad-Hoc|iPhoneSimulator.ActiveCfg = Ad-Hoc|iPhoneSimulator
		{F23CCB2C-CB2D-4DF1-8949-4A7073F648CB}.Ad-Hoc|iPhoneSimulator.Build.0 = Ad-Hoc|iPhoneSimulator
		{F23CCB2C-CB2D-4DF1-8949-4A7073F648CB}.Ad-Hoc|iPhoneSimulator.Deploy.0 = Ad-Hoc|iPhoneSimulator
		{F23CCB2C-CB2D-4DF1-8949-4A7073F648CB}.Ad-Hoc|x64.ActiveCfg = Ad-Hoc|iPhone
		{F23CCB2C-CB2D-4DF1-8949-4A7073F648CB}.Ad-Hoc|x64.Build.0 = Ad-Hoc|iPhone
		{F23CCB2C-CB2D-4DF1-8949-4A7073F648CB}.Ad-Hoc|x64.Deploy.0 = Ad-Hoc|iPhone
		{F23CCB2C-CB2D-4DF1-8949-4A7073F648CB}.Ad-Hoc|x86.ActiveCfg = Ad-Hoc|iPhone
		{F23CCB2C-CB2D-4DF1-8949-4A7073F648CB}.Ad-Hoc|x86.Build.0 = Ad-Hoc|iPhone
		{F23CCB2C-CB2D-4DF1-8949-4A7073F648CB}.Ad-Hoc|x86.Deploy.0 = Ad-Hoc|iPhone
		{F23CCB2C-CB2D-4DF1-8949-4A7073F648CB}.AppStore|Any CPU.ActiveCfg = AppStore|iPhone
		{F23CCB2C-CB2D-4DF1-8949-4A7073F648CB}.AppStore|Any CPU.Build.0 = AppStore|iPhone
		{F23CCB2C-CB2D-4DF1-8949-4A7073F648CB}.AppStore|Any CPU.Deploy.0 = AppStore|iPhone
		{F23CCB2C-CB2D-4DF1-8949-4A7073F648CB}.AppStore|ARM.ActiveCfg = AppStore|iPhone
		{F23CCB2C-CB2D-4DF1-8949-4A7073F648CB}.AppStore|ARM.Build.0 = AppStore|iPhone
		{F23CCB2C-CB2D-4DF1-8949-4A7073F648CB}.AppStore|ARM.Deploy.0 = AppStore|iPhone
		{F23CCB2C-CB2D-4DF1-8949-4A7073F648CB}.AppStore|iPhone.ActiveCfg = AppStore|iPhone
		{F23CCB2C-CB2D-4DF1-8949-4A7073F648CB}.AppStore|iPhone.Build.0 = AppStore|iPhone
		{F23CCB2C-CB2D-4DF1-8949-4A7073F648CB}.AppStore|iPhone.Deploy.0 = AppStore|iPhone
		{F23CCB2C-CB2D-4DF1-8949-4A7073F648CB}.AppStore|iPhoneSimulator.ActiveCfg = AppStore|iPhoneSimulator
		{F23CCB2C-CB2D-4DF1-8949-4A7073F648CB}.AppStore|iPhoneSimulator.Build.0 = AppStore|iPhoneSimulator
		{F23CCB2C-CB2D-4DF1-8949-4A7073F648CB}.AppStore|iPhoneSimulator.Deploy.0 = AppStore|iPhoneSimulator
		{F23CCB2C-CB2D-4DF1-8949-4A7073F648CB}.AppStore|x64.ActiveCfg = AppStore|iPhone
		{F23CCB2C-CB2D-4DF1-8949-4A7073F648CB}.AppStore|x64.Build.0 = AppStore|iPhone
		{F23CCB2C-CB2D-4DF1-8949-4A7073F648CB}.AppStore|x64.Deploy.0 = AppStore|iPhone
		{F23CCB2C-CB2D-4DF1-8949-4A7073F648CB}.AppStore|x86.ActiveCfg = AppStore|iPhone
		{F23CCB2C-CB2D-4DF1-8949-4A7073F648CB}.AppStore|x86.Build.0 = AppStore|iPhone
		{F23CCB2C-CB2D-4DF1-8949-4A7073F648CB}.AppStore|x86.Deploy.0 = AppStore|iPhone
		{F23CCB2C-CB2D-4DF1-8949-4A7073F648CB}.Debug|Any CPU.ActiveCfg = Debug|iPhoneSimulator
		{F23CCB2C-CB2D-4DF1-8949-4A7073F648CB}.Debug|Any CPU.Build.0 = Debug|iPhoneSimulator
		{F23CCB2C-CB2D-4DF1-8949-4A7073F648CB}.Debug|Any CPU.Deploy.0 = Debug|iPhoneSimulator
		{F23CCB2C-CB2D-4DF1-8949-4A7073F648CB}.Debug|ARM.ActiveCfg = Debug|iPhone
		{F23CCB2C-CB2D-4DF1-8949-4A7073F648CB}.Debug|ARM.Build.0 = Debug|iPhone
		{F23CCB2C-CB2D-4DF1-8949-4A7073F648CB}.Debug|ARM.Deploy.0 = Debug|iPhone
		{F23CCB2C-CB2D-4DF1-8949-4A7073F648CB}.Debug|iPhone.ActiveCfg = Debug|iPhone
		{F23CCB2C-CB2D-4DF1-8949-4A7073F648CB}.Debug|iPhone.Build.0 = Debug|iPhone
		{F23CCB2C-CB2D-4DF1-8949-4A7073F648CB}.Debug|iPhone.Deploy.0 = Debug|iPhone
		{F23CCB2C-CB2D-4DF1-8949-4A7073F648CB}.Debug|iPhoneSimulator.ActiveCfg = Debug|iPhoneSimulator
		{F23CCB2C-CB2D-4DF1-8949-4A7073F648CB}.Debug|iPhoneSimulator.Build.0 = Debug|iPhoneSimulator
		{F23CCB2C-CB2D-4DF1-8949-4A7073F648CB}.Debug|iPhoneSimulator.Deploy.0 = Debug|iPhoneSimulator
		{F23CCB2C-CB2D-4DF1-8949-4A7073F648CB}.Debug|x64.ActiveCfg = Debug|iPhone
		{F23CCB2C-CB2D-4DF1-8949-4A7073F648CB}.Debug|x64.Build.0 = Debug|iPhone
		{F23CCB2C-CB2D-4DF1-8949-4A7073F648CB}.Debug|x64.Deploy.0 = Debug|iPhone
		{F23CCB2C-CB2D-4DF1-8949-4A7073F648CB}.Debug|x86.ActiveCfg = Debug|iPhone
		{F23CCB2C-CB2D-4DF1-8949-4A7073F648CB}.Debug|x86.Build.0 = Debug|iPhone
		{F23CCB2C-CB2D-4DF1-8949-4A7073F648CB}.Debug|x86.Deploy.0 = Debug|iPhone
		{F23CCB2C-CB2D-4DF1-8949-4A7073F648CB}.Release|Any CPU.ActiveCfg = Release|iPhone
		{F23CCB2C-CB2D-4DF1-8949-4A7073F648CB}.Release|Any CPU.Build.0 = Release|iPhone
		{F23CCB2C-CB2D-4DF1-8949-4A7073F648CB}.Release|Any CPU.Deploy.0 = Release|iPhone
		{F23CCB2C-CB2D-4DF1-8949-4A7073F648CB}.Release|ARM.ActiveCfg = Release|iPhone
		{F23CCB2C-CB2D-4DF1-8949-4A7073F648CB}.Release|ARM.Build.0 = Release|iPhone
		{F23CCB2C-CB2D-4DF1-8949-4A7073F648CB}.Release|ARM.Deploy.0 = Release|iPhone
		{F23CCB2C-CB2D-4DF1-8949-4A7073F648CB}.Release|iPhone.ActiveCfg = Release|iPhone
		{F23CCB2C-CB2D-4DF1-8949-4A7073F648CB}.Release|iPhone.Build.0 = Release|iPhone
		{F23CCB2C-CB2D-4DF1-8949-4A7073F648CB}.Release|iPhone.Deploy.0 = Release|iPhone
		{F23CCB2C-CB2D-4DF1-8949-4A7073F648CB}.Release|iPhoneSimulator.ActiveCfg = Release|iPhoneSimulator
		{F23CCB2C-CB2D-4DF1-8949-4A7073F648CB}.Release|iPhoneSimulator.Build.0 = Release|iPhoneSimulator
		{F23CCB2C-CB2D-4DF1-8949-4A7073F648CB}.Release|iPhoneSimulator.Deploy.0 = Release|iPhoneSimulator
		{F23CCB2C-CB2D-4DF1-8949-4A7073F648CB}.Release|x64.ActiveCfg = Release|iPhone
		{F23CCB2C-CB2D-4DF1-8949-4A7073F648CB}.Release|x64.Build.0 = Release|iPhone
		{F23CCB2C-CB2D-4DF1-8949-4A7073F648CB}.Release|x64.Deploy.0 = Release|iPhone
		{F23CCB2C-CB2D-4DF1-8949-4A7073F648CB}.Release|x86.ActiveCfg = Release|iPhone
		{F23CCB2C-CB2D-4DF1-8949-4A7073F648CB}.Release|x86.Build.0 = Release|iPhone
		{F23CCB2C-CB2D-4DF1-8949-4A7073F648CB}.Release|x86.Deploy.0 = Release|iPhone
		{11D5AB3C-733D-4E49-9AC1-7E2BEB123A49}.Ad-Hoc|Any CPU.ActiveCfg = Release|x86
		{11D5AB3C-733D-4E49-9AC1-7E2BEB123A49}.Ad-Hoc|Any CPU.Build.0 = Release|x86
		{11D5AB3C-733D-4E49-9AC1-7E2BEB123A49}.Ad-Hoc|Any CPU.Deploy.0 = Release|x86
		{11D5AB3C-733D-4E49-9AC1-7E2BEB123A49}.Ad-Hoc|ARM.ActiveCfg = Release|ARM
		{11D5AB3C-733D-4E49-9AC1-7E2BEB123A49}.Ad-Hoc|ARM.Build.0 = Release|ARM
		{11D5AB3C-733D-4E49-9AC1-7E2BEB123A49}.Ad-Hoc|ARM.Deploy.0 = Release|ARM
		{11D5AB3C-733D-4E49-9AC1-7E2BEB123A49}.Ad-Hoc|iPhone.ActiveCfg = Release|x86
		{11D5AB3C-733D-4E49-9AC1-7E2BEB123A49}.Ad-Hoc|iPhone.Build.0 = Release|x86
		{11D5AB3C-733D-4E49-9AC1-7E2BEB123A49}.Ad-Hoc|iPhone.Deploy.0 = Release|x86
		{11D5AB3C-733D-4E49-9AC1-7E2BEB123A49}.Ad-Hoc|iPhoneSimulator.ActiveCfg = Release|x86
		{11D5AB3C-733D-4E49-9AC1-7E2BEB123A49}.Ad-Hoc|iPhoneSimulator.Build.0 = Release|x86
		{11D5AB3C-733D-4E49-9AC1-7E2BEB123A49}.Ad-Hoc|iPhoneSimulator.Deploy.0 = Release|x86
		{11D5AB3C-733D-4E49-9AC1-7E2BEB123A49}.Ad-Hoc|x64.ActiveCfg = Release|x64
		{11D5AB3C-733D-4E49-9AC1-7E2BEB123A49}.Ad-Hoc|x64.Build.0 = Release|x64
		{11D5AB3C-733D-4E49-9AC1-7E2BEB123A49}.Ad-Hoc|x64.Deploy.0 = Release|x64
		{11D5AB3C-733D-4E49-9AC1-7E2BEB123A49}.Ad-Hoc|x86.ActiveCfg = Release|x86
		{11D5AB3C-733D-4E49-9AC1-7E2BEB123A49}.Ad-Hoc|x86.Build.0 = Release|x86
		{11D5AB3C-733D-4E49-9AC1-7E2BEB123A49}.Ad-Hoc|x86.Deploy.0 = Release|x86
		{11D5AB3C-733D-4E49-9AC1-7E2BEB123A49}.AppStore|Any CPU.ActiveCfg = Release|x86
		{11D5AB3C-733D-4E49-9AC1-7E2BEB123A49}.AppStore|Any CPU.Build.0 = Release|x86
		{11D5AB3C-733D-4E49-9AC1-7E2BEB123A49}.AppStore|Any CPU.Deploy.0 = Release|x86
		{11D5AB3C-733D-4E49-9AC1-7E2BEB123A49}.AppStore|ARM.ActiveCfg = Release|ARM
		{11D5AB3C-733D-4E49-9AC1-7E2BEB123A49}.AppStore|ARM.Build.0 = Release|ARM
		{11D5AB3C-733D-4E49-9AC1-7E2BEB123A49}.AppStore|ARM.Deploy.0 = Release|ARM
		{11D5AB3C-733D-4E49-9AC1-7E2BEB123A49}.AppStore|iPhone.ActiveCfg = Release|x86
		{11D5AB3C-733D-4E49-9AC1-7E2BEB123A49}.AppStore|iPhone.Build.0 = Release|x86
		{11D5AB3C-733D-4E49-9AC1-7E2BEB123A49}.AppStore|iPhone.Deploy.0 = Release|x86
		{11D5AB3C-733D-4E49-9AC1-7E2BEB123A49}.AppStore|iPhoneSimulator.ActiveCfg = Release|x86
		{11D5AB3C-733D-4E49-9AC1-7E2BEB123A49}.AppStore|iPhoneSimulator.Build.0 = Release|x86
		{11D5AB3C-733D-4E49-9AC1-7E2BEB123A49}.AppStore|iPhoneSimulator.Deploy.0 = Release|x86
		{11D5AB3C-733D-4E49-9AC1-7E2BEB123A49}.AppStore|x64.ActiveCfg = Release|x64
		{11D5AB3C-733D-4E49-9AC1-7E2BEB123A49}.AppStore|x64.Build.0 = Release|x64
		{11D5AB3C-733D-4E49-9AC1-7E2BEB123A49}.AppStore|x64.Deploy.0 = Release|x64
		{11D5AB3C-733D-4E49-9AC1-7E2BEB123A49}.AppStore|x86.ActiveCfg = Release|x86
		{11D5AB3C-733D-4E49-9AC1-7E2BEB123A49}.AppStore|x86.Build.0 = Release|x86
		{11D5AB3C-733D-4E49-9AC1-7E2BEB123A49}.AppStore|x86.Deploy.0 = Release|x86
		{11D5AB3C-733D-4E49-9AC1-7E2BEB123A49}.Debug|Any CPU.ActiveCfg = Debug|x86
		{11D5AB3C-733D-4E49-9AC1-7E2BEB123A49}.Debug|Any CPU.Build.0 = Debug|x86
		{11D5AB3C-733D-4E49-9AC1-7E2BEB123A49}.Debug|Any CPU.Deploy.0 = Debug|x86
		{11D5AB3C-733D-4E49-9AC1-7E2BEB123A49}.Debug|ARM.ActiveCfg = Debug|ARM
		{11D5AB3C-733D-4E49-9AC1-7E2BEB123A49}.Debug|ARM.Build.0 = Debug|ARM
		{11D5AB3C-733D-4E49-9AC1-7E2BEB123A49}.Debug|ARM.Deploy.0 = Debug|ARM
		{11D5AB3C-733D-4E49-9AC1-7E2BEB123A49}.Debug|iPhone.ActiveCfg = Debug|x86
		{11D5AB3C-733D-4E49-9AC1-7E2BEB123A49}.Debug|iPhone.Build.0 = Debug|x86
		{11D5AB3C-733D-4E49-9AC1-7E2BEB123A49}.Debug|iPhone.Deploy.0 = Debug|x86
		{11D5AB3C-733D-4E49-9AC1-7E2BEB123A49}.Debug|iPhoneSimulator.ActiveCfg = Debug|x86
		{11D5AB3C-733D-4E49-9AC1-7E2BEB123A49}.Debug|iPhoneSimulator.Build.0 = Debug|x86
		{11D5AB3C-733D-4E49-9AC1-7E2BEB123A49}.Debug|iPhoneSimulator.Deploy.0 = Debug|x86
		{11D5AB3C-733D-4E49-9AC1-7E2BEB123A49}.Debug|x64.ActiveCfg = Debug|x64
		{11D5AB3C-733D-4E49-9AC1-7E2BEB123A49}.Debug|x64.Build.0 = Debug|x64
		{11D5AB3C-733D-4E49-9AC1-7E2BEB123A49}.Debug|x64.Deploy.0 = Debug|x64
		{11D5AB3C-733D-4E49-9AC1-7E2BEB123A49}.Debug|x86.ActiveCfg = Debug|x86
		{11D5AB3C-733D-4E49-9AC1-7E2BEB123A49}.Debug|x86.Build.0 = Debug|x86
		{11D5AB3C-733D-4E49-9AC1-7E2BEB123A49}.Debug|x86.Deploy.0 = Debug|x86
		{11D5AB3C-733D-4E49-9AC1-7E2BEB123A49}.Release|Any CPU.ActiveCfg = Release|x86
		{11D5AB3C-733D-4E49-9AC1-7E2BEB123A49}.Release|Any CPU.Build.0 = Release|x86
		{11D5AB3C-733D-4E49-9AC1-7E2BEB123A49}.Release|Any CPU.Deploy.0 = Release|x86
		{11D5AB3C-733D-4E49-9AC1-7E2BEB123A49}.Release|ARM.ActiveCfg = Release|ARM
		{11D5AB3C-733D-4E49-9AC1-7E2BEB123A49}.Release|ARM.Build.0 = Release|ARM
		{11D5AB3C-733D-4E49-9AC1-7E2BEB123A49}.Release|ARM.Deploy.0 = Release|ARM
		{11D5AB3C-733D-4E49-9AC1-7E2BEB123A49}.Release|iPhone.ActiveCfg = Release|x86
		{11D5AB3C-733D-4E49-9AC1-7E2BEB123A49}.Release|iPhone.Build.0 = Release|x86
		{11D5AB3C-733D-4E49-9AC1-7E2BEB123A49}.Release|iPhone.Deploy.0 = Release|x86
		{11D5AB3C-733D-4E49-9AC1-7E2BEB123A49}.Release|iPhoneSimulator.ActiveCfg = Release|x86
		{11D5AB3C-733D-4E49-9AC1-7E2BEB123A49}.Release|iPhoneSimulator.Build.0 = Release|x86
		{11D5AB3C-733D-4E49-9AC1-7E2BEB123A49}.Release|iPhoneSimulator.Deploy.0 = Release|x86
		{11D5AB3C-733D-4E49-9AC1-7E2BEB123A49}.Release|x64.ActiveCfg = Release|x64
		{11D5AB3C-733D-4E49-9AC1-7E2BEB123A49}.Release|x64.Build.0 = Release|x64
		{11D5AB3C-733D-4E49-9AC1-7E2BEB123A49}.Release|x64.Deploy.0 = Release|x64
		{11D5AB3C-733D-4E49-9AC1-7E2BEB123A49}.Release|x86.ActiveCfg = Release|x86
		{11D5AB3C-733D-4E49-9AC1-7E2BEB123A49}.Release|x86.Build.0 = Release|x86
		{11D5AB3C-733D-4E49-9AC1-7E2BEB123A49}.Release|x86.Deploy.0 = Release|x86
		{1AACC42B-C84A-459F-A34A-28A32F82DCB3}.Ad-Hoc|Any CPU.ActiveCfg = Debug|Any CPU
		{1AACC42B-C84A-459F-A34A-28A32F82DCB3}.Ad-Hoc|Any CPU.Build.0 = Debug|Any CPU
		{1AACC42B-C84A-459F-A34A-28A32F82DCB3}.Ad-Hoc|Any CPU.Deploy.0 = Debug|Any CPU
		{1AACC42B-C84A-459F-A34A-28A32F82DCB3}.Ad-Hoc|ARM.ActiveCfg = Debug|Any CPU
		{1AACC42B-C84A-459F-A34A-28A32F82DCB3}.Ad-Hoc|ARM.Build.0 = Debug|Any CPU
		{1AACC42B-C84A-459F-A34A-28A32F82DCB3}.Ad-Hoc|ARM.Deploy.0 = Debug|Any CPU
		{1AACC42B-C84A-459F-A34A-28A32F82DCB3}.Ad-Hoc|iPhone.ActiveCfg = Debug|Any CPU
		{1AACC42B-C84A-459F-A34A-28A32F82DCB3}.Ad-Hoc|iPhone.Build.0 = Debug|Any CPU
		{1AACC42B-C84A-459F-A34A-28A32F82DCB3}.Ad-Hoc|iPhone.Deploy.0 = Debug|Any CPU
		{1AACC42B-C84A-459F-A34A-28A32F82DCB3}.Ad-Hoc|iPhoneSimulator.ActiveCfg = Debug|Any CPU
		{1AACC42B-C84A-459F-A34A-28A32F82DCB3}.Ad-Hoc|iPhoneSimulator.Build.0 = Debug|Any CPU
		{1AACC42B-C84A-459F-A34A-28A32F82DCB3}.Ad-Hoc|iPhoneSimulator.Deploy.0 = Debug|Any CPU
		{1AACC42B-C84A-459F-A34A-28A32F82DCB3}.Ad-Hoc|x64.ActiveCfg = Debug|Any CPU
		{1AACC42B-C84A-459F-A34A-28A32F82DCB3}.Ad-Hoc|x64.Build.0 = Debug|Any CPU
		{1AACC42B-C84A-459F-A34A-28A32F82DCB3}.Ad-Hoc|x64.Deploy.0 = Debug|Any CPU
		{1AACC42B-C84A-459F-A34A-28A32F82DCB3}.Ad-Hoc|x86.ActiveCfg = Debug|Any CPU
		{1AACC42B-C84A-459F-A34A-28A32F82DCB3}.Ad-Hoc|x86.Build.0 = Debug|Any CPU
		{1AACC42B-C84A-459F-A34A-28A32F82DCB3}.Ad-Hoc|x86.Deploy.0 = Debug|Any CPU
		{1AACC42B-C84A-459F-A34A-28A32F82DCB3}.AppStore|Any CPU.ActiveCfg = Debug|Any CPU
		{1AACC42B-C84A-459F-A34A-28A32F82DCB3}.AppStore|Any CPU.Build.0 = Debug|Any CPU
		{1AACC42B-C84A-459F-A34A-28A32F82DCB3}.AppStore|Any CPU.Deploy.0 = Debug|Any CPU
		{1AACC42B-C84A-459F-A34A-28A32F82DCB3}.AppStore|ARM.ActiveCfg = Debug|Any CPU
		{1AACC42B-C84A-459F-A34A-28A32F82DCB3}.AppStore|ARM.Build.0 = Debug|Any CPU
		{1AACC42B-C84A-459F-A34A-28A32F82DCB3}.AppStore|ARM.Deploy.0 = Debug|Any CPU
		{1AACC42B-C84A-459F-A34A-28A32F82DCB3}.AppStore|iPhone.ActiveCfg = Debug|Any CPU
		{1AACC42B-C84A-459F-A34A-28A32F82DCB3}.AppStore|iPhone.Build.0 = Debug|Any CPU
		{1AACC42B-C84A-459F-A34A-28A32F82DCB3}.AppStore|iPhone.Deploy.0 = Debug|Any CPU
		{1AACC42B-C84A-459F-A34A-28A32F82DCB3}.AppStore|iPhoneSimulator.ActiveCfg = Debug|Any CPU
		{1AACC42B-C84A-459F-A34A-28A32F82DCB3}.AppStore|iPhoneSimulator.Build.0 = Debug|Any CPU
		{1AACC42B-C84A-459F-A34A-28A32F82DCB3}.AppStore|iPhoneSimulator.Deploy.0 = Debug|Any CPU
		{1AACC42B-C84A-459F-A34A-28A32F82DCB3}.AppStore|x64.ActiveCfg = Debug|Any CPU
		{1AACC42B-C84A-459F-A34A-28A32F82DCB3}.AppStore|x64.Build.0 = Debug|Any CPU
		{1AACC42B-C84A-459F-A34A-28A32F82DCB3}.AppStore|x64.Deploy.0 = Debug|Any CPU
		{1AACC42B-C84A-459F-A34A-28A32F82DCB3}.AppStore|x86.ActiveCfg = Debug|Any CPU
		{1AACC42B-C84A-459F-A34A-28A32F82DCB3}.AppStore|x86.Build.0 = Debug|Any CPU
		{1AACC42B-C84A-459F-A34A-28A32F82DCB3}.AppStore|x86.Deploy.0 = Debug|Any CPU
		{1AACC42B-C84A-459F-A34A-28A32F82DCB3}.Debug|Any CPU.ActiveCfg = Debug|Any CPU
		{1AACC42B-C84A-459F-A34A-28A32F82DCB3}.Debug|Any CPU.Build.0 = Debug|Any CPU
		{1AACC42B-C84A-459F-A34A-28A32F82DCB3}.Debug|Any CPU.Deploy.0 = Debug|Any CPU
		{1AACC42B-C84A-459F-A34A-28A32F82DCB3}.Debug|ARM.ActiveCfg = Debug|Any CPU
		{1AACC42B-C84A-459F-A34A-28A32F82DCB3}.Debug|ARM.Build.0 = Debug|Any CPU
		{1AACC42B-C84A-459F-A34A-28A32F82DCB3}.Debug|ARM.Deploy.0 = Debug|Any CPU
		{1AACC42B-C84A-459F-A34A-28A32F82DCB3}.Debug|iPhone.ActiveCfg = Debug|Any CPU
		{1AACC42B-C84A-459F-A34A-28A32F82DCB3}.Debug|iPhone.Build.0 = Debug|Any CPU
		{1AACC42B-C84A-459F-A34A-28A32F82DCB3}.Debug|iPhone.Deploy.0 = Debug|Any CPU
		{1AACC42B-C84A-459F-A34A-28A32F82DCB3}.Debug|iPhoneSimulator.ActiveCfg = Debug|Any CPU
		{1AACC42B-C84A-459F-A34A-28A32F82DCB3}.Debug|iPhoneSimulator.Build.0 = Debug|Any CPU
		{1AACC42B-C84A-459F-A34A-28A32F82DCB3}.Debug|iPhoneSimulator.Deploy.0 = Debug|Any CPU
		{1AACC42B-C84A-459F-A34A-28A32F82DCB3}.Debug|x64.ActiveCfg = Debug|Any CPU
		{1AACC42B-C84A-459F-A34A-28A32F82DCB3}.Debug|x64.Build.0 = Debug|Any CPU
		{1AACC42B-C84A-459F-A34A-28A32F82DCB3}.Debug|x64.Deploy.0 = Debug|Any CPU
		{1AACC42B-C84A-459F-A34A-28A32F82DCB3}.Debug|x86.ActiveCfg = Debug|Any CPU
		{1AACC42B-C84A-459F-A34A-28A32F82DCB3}.Debug|x86.Build.0 = Debug|Any CPU
		{1AACC42B-C84A-459F-A34A-28A32F82DCB3}.Debug|x86.Deploy.0 = Debug|Any CPU
		{1AACC42B-C84A-459F-A34A-28A32F82DCB3}.Release|Any CPU.ActiveCfg = Release|Any CPU
		{1AACC42B-C84A-459F-A34A-28A32F82DCB3}.Release|Any CPU.Build.0 = Release|Any CPU
		{1AACC42B-C84A-459F-A34A-28A32F82DCB3}.Release|Any CPU.Deploy.0 = Release|Any CPU
		{1AACC42B-C84A-459F-A34A-28A32F82DCB3}.Release|ARM.ActiveCfg = Release|Any CPU
		{1AACC42B-C84A-459F-A34A-28A32F82DCB3}.Release|ARM.Build.0 = Release|Any CPU
		{1AACC42B-C84A-459F-A34A-28A32F82DCB3}.Release|ARM.Deploy.0 = Release|Any CPU
		{1AACC42B-C84A-459F-A34A-28A32F82DCB3}.Release|iPhone.ActiveCfg = Release|Any CPU
		{1AACC42B-C84A-459F-A34A-28A32F82DCB3}.Release|iPhone.Build.0 = Release|Any CPU
		{1AACC42B-C84A-459F-A34A-28A32F82DCB3}.Release|iPhone.Deploy.0 = Release|Any CPU
		{1AACC42B-C84A-459F-A34A-28A32F82DCB3}.Release|iPhoneSimulator.ActiveCfg = Release|Any CPU
		{1AACC42B-C84A-459F-A34A-28A32F82DCB3}.Release|iPhoneSimulator.Build.0 = Release|Any CPU
		{1AACC42B-C84A-459F-A34A-28A32F82DCB3}.Release|iPhoneSimulator.Deploy.0 = Release|Any CPU
		{1AACC42B-C84A-459F-A34A-28A32F82DCB3}.Release|x64.ActiveCfg = Release|Any CPU
		{1AACC42B-C84A-459F-A34A-28A32F82DCB3}.Release|x64.Build.0 = Release|Any CPU
		{1AACC42B-C84A-459F-A34A-28A32F82DCB3}.Release|x64.Deploy.0 = Release|Any CPU
		{1AACC42B-C84A-459F-A34A-28A32F82DCB3}.Release|x86.ActiveCfg = Release|Any CPU
		{1AACC42B-C84A-459F-A34A-28A32F82DCB3}.Release|x86.Build.0 = Release|Any CPU
		{1AACC42B-C84A-459F-A34A-28A32F82DCB3}.Release|x86.Deploy.0 = Release|Any CPU
	EndGlobalSection
	GlobalSection(SolutionProperties) = preSolution
		HideSolutionNode = FALSE
	EndGlobalSection
	GlobalSection(ExtensibilityGlobals) = postSolution
		SolutionGuid = {E4547882-2C57-4549-A4FA-330D96912433}
	EndGlobalSection
EndGlobal
